
Microsoft Visual Studio Solution File, Format Version 12.00
# Visual Studio Version 17
VisualStudioVersion = 17.1.32210.238
MinimumVisualStudioVersion = 10.0.40219.1
Project("{FAE04EC0-301F-11D3-BF4B-00C04F79EFBC}") = "BackEnd 1.Task", "BackEnd 1.Task\BackEnd 1.Task.csproj", "{D1D90587-41C7-4EB9-B575-3C27D7C3FFEF}"
EndProject
Global
	GlobalSection(SolutionConfigurationPlatforms) = preSolution
		Debug|Any CPU = Debug|Any CPU
		Release|Any CPU = Release|Any CPU
	EndGlobalSection
	GlobalSection(ProjectConfigurationPlatforms) = postSolution
		{D1D90587-41C7-4EB9-B575-3C27D7C3FFEF}.Debug|Any CPU.ActiveCfg = Debug|Any CPU
		{D1D90587-41C7-4EB9-B575-3C27D7C3FFEF}.Debug|Any CPU.Build.0 = Debug|Any CPU
		{D1D90587-41C7-4EB9-B575-3C27D7C3FFEF}.Release|Any CPU.ActiveCfg = Release|Any CPU
		{D1D90587-41C7-4EB9-B575-3C27D7C3FFEF}.Release|Any CPU.Build.0 = Release|Any CPU
	EndGlobalSection
	GlobalSection(SolutionProperties) = preSolution
		HideSolutionNode = FALSE
	EndGlobalSection
	GlobalSection(ExtensibilityGlobals) = postSolution
		SolutionGuid = {7A4E3B0C-92A8-4707-8AFC-C2BE32FD54F4}
	EndGlobalSection
EndGlobal
